
Microsoft Visual Studio Solution File, Format Version 12.00
# Visual Studio Version 17
VisualStudioVersion = 17.8.34330.188
MinimumVisualStudioVersion = 10.0.40219.1
Project("{FAE04EC0-301F-11D3-BF4B-00C04F79EFBC}") = "SignalR_Demo", "SignalR_Demo\SignalR_Demo.csproj", "{C21A3099-0F4C-42BC-ADBD-51A39B89C9EB}"
EndProject
Global
	GlobalSection(SolutionConfigurationPlatforms) = preSolution
		Debug|Any CPU = Debug|Any CPU
		Release|Any CPU = Release|Any CPU
	EndGlobalSection
	GlobalSection(ProjectConfigurationPlatforms) = postSolution
		{C21A3099-0F4C-42BC-ADBD-51A39B89C9EB}.Debug|Any CPU.ActiveCfg = Debug|Any CPU
		{C21A3099-0F4C-42BC-ADBD-51A39B89C9EB}.Debug|Any CPU.Build.0 = Debug|Any CPU
		{C21A3099-0F4C-42BC-ADBD-51A39B89C9EB}.Release|Any CPU.ActiveCfg = Release|Any CPU
		{C21A3099-0F4C-42BC-ADBD-51A39B89C9EB}.Release|Any CPU.Build.0 = Release|Any CPU
	EndGlobalSection
	GlobalSection(SolutionProperties) = preSolution
		HideSolutionNode = FALSE
	EndGlobalSection
	GlobalSection(ExtensibilityGlobals) = postSolution
		SolutionGuid = {56F385F9-ACFE-40AC-B55B-1B7D5FA6C799}
	EndGlobalSection
EndGlobal
